
Microsoft Visual Studio Solution File, Format Version 12.00
# Visual Studio Version 16
VisualStudioVersion = 16.0.30503.244
MinimumVisualStudioVersion = 10.0.40219.1
Project("{9A19103F-16F7-4668-BE54-9A1E7A4F7556}") = "PerudoBot.Discord", "PerudoBot\PerudoBot.Discord.csproj", "{F84236AA-59EE-4CA9-B519-B45687BD460D}"
EndProject
Project("{9A19103F-16F7-4668-BE54-9A1E7A4F7556}") = "PerudoBot.Database", "PerudoBot.Database.Sqlite\PerudoBot.Database.csproj", "{C74CF634-0459-449D-B0E6-A4ECE8350155}"
EndProject
Project("{9A19103F-16F7-4668-BE54-9A1E7A4F7556}") = "PerudoBot.GameService", "PerudoBot.GameService\PerudoBot.GameService.csproj", "{CEB25ABA-9781-4FF0-A9AD-291DDF2F5387}"
EndProject
Project("{9A19103F-16F7-4668-BE54-9A1E7A4F7556}") = "PerudoBot.Tests", "PerudoBot.Tests\PerudoBot.Tests.csproj", "{42F13989-AE60-46CD-A384-CDE2A9354B0C}"
EndProject
Project("{9A19103F-16F7-4668-BE54-9A1E7A4F7556}") = "PerudoBot.EloService", "PerudoBot.EloService\PerudoBot.EloService.csproj", "{AC12CBF0-2544-4997-8425-F45E79FD5193}"
EndProject
Project("{FAE04EC0-301F-11D3-BF4B-00C04F79EFBC}") = "PerudoBot.GameHandler", "Perudo.GameHandler\PerudoBot.GameHandler.csproj", "{FAFB1264-D281-496C-9447-6F5D982A1CA8}"
EndProject
Global
	GlobalSection(SolutionConfigurationPlatforms) = preSolution
		Debug|Any CPU = Debug|Any CPU
		Release|Any CPU = Release|Any CPU
	EndGlobalSection
	GlobalSection(ProjectConfigurationPlatforms) = postSolution
		{F84236AA-59EE-4CA9-B519-B45687BD460D}.Debug|Any CPU.ActiveCfg = Debug|Any CPU
		{F84236AA-59EE-4CA9-B519-B45687BD460D}.Debug|Any CPU.Build.0 = Debug|Any CPU
		{F84236AA-59EE-4CA9-B519-B45687BD460D}.Release|Any CPU.ActiveCfg = Release|Any CPU
		{F84236AA-59EE-4CA9-B519-B45687BD460D}.Release|Any CPU.Build.0 = Release|Any CPU
		{C74CF634-0459-449D-B0E6-A4ECE8350155}.Debug|Any CPU.ActiveCfg = Debug|Any CPU
		{C74CF634-0459-449D-B0E6-A4ECE8350155}.Debug|Any CPU.Build.0 = Debug|Any CPU
		{C74CF634-0459-449D-B0E6-A4ECE8350155}.Release|Any CPU.ActiveCfg = Release|Any CPU
		{C74CF634-0459-449D-B0E6-A4ECE8350155}.Release|Any CPU.Build.0 = Release|Any CPU
		{CEB25ABA-9781-4FF0-A9AD-291DDF2F5387}.Debug|Any CPU.ActiveCfg = Debug|Any CPU
		{CEB25ABA-9781-4FF0-A9AD-291DDF2F5387}.Debug|Any CPU.Build.0 = Debug|Any CPU
		{CEB25ABA-9781-4FF0-A9AD-291DDF2F5387}.Release|Any CPU.ActiveCfg = Release|Any CPU
		{CEB25ABA-9781-4FF0-A9AD-291DDF2F5387}.Release|Any CPU.Build.0 = Release|Any CPU
		{42F13989-AE60-46CD-A384-CDE2A9354B0C}.Debug|Any CPU.ActiveCfg = Debug|Any CPU
		{42F13989-AE60-46CD-A384-CDE2A9354B0C}.Debug|Any CPU.Build.0 = Debug|Any CPU
		{42F13989-AE60-46CD-A384-CDE2A9354B0C}.Release|Any CPU.ActiveCfg = Release|Any CPU
		{42F13989-AE60-46CD-A384-CDE2A9354B0C}.Release|Any CPU.Build.0 = Release|Any CPU
		{AC12CBF0-2544-4997-8425-F45E79FD5193}.Debug|Any CPU.ActiveCfg = Debug|Any CPU
		{AC12CBF0-2544-4997-8425-F45E79FD5193}.Debug|Any CPU.Build.0 = Debug|Any CPU
		{AC12CBF0-2544-4997-8425-F45E79FD5193}.Release|Any CPU.ActiveCfg = Release|Any CPU
		{AC12CBF0-2544-4997-8425-F45E79FD5193}.Release|Any CPU.Build.0 = Release|Any CPU
		{FAFB1264-D281-496C-9447-6F5D982A1CA8}.Debug|Any CPU.ActiveCfg = Debug|Any CPU
		{FAFB1264-D281-496C-9447-6F5D982A1CA8}.Debug|Any CPU.Build.0 = Debug|Any CPU
		{FAFB1264-D281-496C-9447-6F5D982A1CA8}.Release|Any CPU.ActiveCfg = Release|Any CPU
		{FAFB1264-D281-496C-9447-6F5D982A1CA8}.Release|Any CPU.Build.0 = Release|Any CPU
	EndGlobalSection
	GlobalSection(SolutionProperties) = preSolution
		HideSolutionNode = FALSE
	EndGlobalSection
	GlobalSection(ExtensibilityGlobals) = postSolution
		SolutionGuid = {A309C163-51D6-47BD-9C82-AFCA05815FC3}
	EndGlobalSection
EndGlobal
